
Microsoft Visual Studio Solution File, Format Version 12.00
# Visual Studio Version 17
VisualStudioVersion = 17.3.32811.315
MinimumVisualStudioVersion = 10.0.40219.1
Project("{9A19103F-16F7-4668-BE54-9A1E7A4F7556}") = "Sayi_Sirala", "Sayi_Sirala\Sayi_Sirala.csproj", "{443A5CDC-99F7-4B34-B634-7491C596009B}"
EndProject
Project("{FAE04EC0-301F-11D3-BF4B-00C04F79EFBC}") = "Uygulama02.HesapMakinasi", "Uygulama02.HesapMakinasi\Uygulama02.HesapMakinasi.csproj", "{0433F0BE-B709-49D0-9571-70A00BE2941E}"
EndProject
Global
	GlobalSection(SolutionConfigurationPlatforms) = preSolution
		Debug|Any CPU = Debug|Any CPU
		Release|Any CPU = Release|Any CPU
	EndGlobalSection
	GlobalSection(ProjectConfigurationPlatforms) = postSolution
		{443A5CDC-99F7-4B34-B634-7491C596009B}.Debug|Any CPU.ActiveCfg = Debug|Any CPU
		{443A5CDC-99F7-4B34-B634-7491C596009B}.Debug|Any CPU.Build.0 = Debug|Any CPU
		{443A5CDC-99F7-4B34-B634-7491C596009B}.Release|Any CPU.ActiveCfg = Release|Any CPU
		{443A5CDC-99F7-4B34-B634-7491C596009B}.Release|Any CPU.Build.0 = Release|Any CPU
		{0433F0BE-B709-49D0-9571-70A00BE2941E}.Debug|Any CPU.ActiveCfg = Debug|Any CPU
		{0433F0BE-B709-49D0-9571-70A00BE2941E}.Debug|Any CPU.Build.0 = Debug|Any CPU
		{0433F0BE-B709-49D0-9571-70A00BE2941E}.Release|Any CPU.ActiveCfg = Release|Any CPU
		{0433F0BE-B709-49D0-9571-70A00BE2941E}.Release|Any CPU.Build.0 = Release|Any CPU
	EndGlobalSection
	GlobalSection(SolutionProperties) = preSolution
		HideSolutionNode = FALSE
	EndGlobalSection
	GlobalSection(ExtensibilityGlobals) = postSolution
		SolutionGuid = {B0FC0467-FC20-48CD-A14A-CD3BCEED4B8A}
	EndGlobalSection
EndGlobal
